// !$*UTF8*$!
{
	archiveVersion = 1;
	classes = {
	};
	objectVersion = 56;
	objects = {

/* Begin PBXBuildFile section */
		0A45D3F476F84B80B0A38B59 /* TeamPanelView.swift in Sources */ = {isa = PBXBuildFile; fileRef = 29BFD1EE01E54F39A1F8DD03 /* TeamPanelView.swift */; };
		2101DACD12564C8A8DE26535 /* TopSectionView.swift in Sources */ = {isa = PBXBuildFile; fileRef = E0349CF9EEF14B11AA8A6A52 /* TopSectionView.swift */; };
		21FA6115F3D94B5F9EF2D6D8 /* ContentView.swift in Sources */ = {isa = PBXBuildFile; fileRef = 508FBA53C41940DDB5799A6A /* ContentView.swift */; };
		37C81E1832DD44C9A2555563 /* Assets.xcassets in Resources */ = {isa = PBXBuildFile; fileRef = 5A7E12B846ED4866BAA5D069 /* Assets.xcassets */; };
		38C77834845444ED9F0CF8B2 /* ReportView.swift in Sources */ = {isa = PBXBuildFile; fileRef = 65D7E6856DAC4DF799A39791 /* ReportView.swift */; };
		416BD3DE409445F19D1758A9 /* GameModels.swift in Sources */ = {isa = PBXBuildFile; fileRef = 65792492B8D044DC95C5D183 /* GameModels.swift */; };
		65A26E9C50124CD284CB62AB /* LeagueRoster.swift in Sources */ = {isa = PBXBuildFile; fileRef = 3FEBDC72CB1F430B8BFBA215 /* LeagueRoster.swift */; };
		B497D54099E043008EBE4B2D /* RosterStore.swift in Sources */ = {isa = PBXBuildFile; fileRef = 5DC93FB0B4314359945BCE92 /* RosterStore.swift */; };
		5300DBAD6DED36B5CBA56EC8 /* GameSheetStore.swift in Sources */ = {isa = PBXBuildFile; fileRef = 2CC5DBF5E3CD0B3F6C929D25 /* GameSheetStore.swift */; };
		75DAB2165EA442B2A6CB75AF /* DesignSystem.swift in Sources */ = {isa = PBXBuildFile; fileRef = 5D19480109084F23907E23D7 /* DesignSystem.swift */; };
		8260C6C602AA461086B0AE13 /* GameState.swift in Sources */ = {isa = PBXBuildFile; fileRef = BA4E414A6B0644128444B64D /* GameState.swift */; };
		FDCD6D24C3CB85A15E92BD3C /* GameSheetListView.swift in Sources */ = {isa = PBXBuildFile; fileRef = 3966ECA80DCFC14CBB31FF53 /* GameSheetListView.swift */; };
		82E074EF219843DFBE79C276 /* ScoreCardApp.swift in Sources */ = {isa = PBXBuildFile; fileRef = 81EAEB2346DF4A038CEB6AB7 /* ScoreCardApp.swift */; };
		83C9CEB3F20A44ABA7169F9D /* NavSectionView.swift in Sources */ = {isa = PBXBuildFile; fileRef = 13FA4517D1B84F029586806B /* NavSectionView.swift */; };
		A1B2C3D4E5F60718293A4B5C /* PenaltyEntryView.swift in Sources */ = {isa = PBXBuildFile; fileRef = A1B2C3D4E5F60718293A4B5D /* PenaltyEntryView.swift */; };
		9F0235BC45504987BC4AEA19 /* NotesView.swift in Sources */ = {isa = PBXBuildFile; fileRef = 7B12287A264D4AF0866E2655 /* NotesView.swift */; };
/* End PBXBuildFile section */

/* Begin PBXFileReference section */
		13FA4517D1B84F029586806B /* NavSectionView.swift */ = {isa = PBXFileReference; lastKnownFileType = sourcecode.swift; path = NavSectionView.swift; sourceTree = "<group>"; };
		29BFD1EE01E54F39A1F8DD03 /* TeamPanelView.swift */ = {isa = PBXFileReference; lastKnownFileType = sourcecode.swift; path = TeamPanelView.swift; sourceTree = "<group>"; };
		3FEBDC72CB1F430B8BFBA215 /* LeagueRoster.swift */ = {isa = PBXFileReference; lastKnownFileType = sourcecode.swift; path = LeagueRoster.swift; sourceTree = "<group>"; };
		5DC93FB0B4314359945BCE92 /* RosterStore.swift */ = {isa = PBXFileReference; lastKnownFileType = sourcecode.swift; path = RosterStore.swift; sourceTree = "<group>"; };
		2CC5DBF5E3CD0B3F6C929D25 /* GameSheetStore.swift */ = {isa = PBXFileReference; lastKnownFileType = sourcecode.swift; path = GameSheetStore.swift; sourceTree = "<group>"; };
		3966ECA80DCFC14CBB31FF53 /* GameSheetListView.swift */ = {isa = PBXFileReference; lastKnownFileType = sourcecode.swift; path = GameSheetListView.swift; sourceTree = "<group>"; };
		508FBA53C41940DDB5799A6A /* ContentView.swift */ = {isa = PBXFileReference; lastKnownFileType = sourcecode.swift; path = ContentView.swift; sourceTree = "<group>"; };
		5A7E12B846ED4866BAA5D069 /* Assets.xcassets */ = {isa = PBXFileReference; lastKnownFileType = folder.assetcatalog; path = Assets.xcassets; sourceTree = "<group>"; };
		5D19480109084F23907E23D7 /* DesignSystem.swift */ = {isa = PBXFileReference; lastKnownFileType = sourcecode.swift; path = DesignSystem.swift; sourceTree = "<group>"; };
		65792492B8D044DC95C5D183 /* GameModels.swift */ = {isa = PBXFileReference; lastKnownFileType = sourcecode.swift; path = GameModels.swift; sourceTree = "<group>"; };
		65D7E6856DAC4DF799A39791 /* ReportView.swift */ = {isa = PBXFileReference; lastKnownFileType = sourcecode.swift; path = ReportView.swift; sourceTree = "<group>"; };
		A1B2C3D4E5F60718293A4B5D /* PenaltyEntryView.swift */ = {isa = PBXFileReference; lastKnownFileType = sourcecode.swift; path = PenaltyEntryView.swift; sourceTree = "<group>"; };
		7B12287A264D4AF0866E2655 /* NotesView.swift */ = {isa = PBXFileReference; lastKnownFileType = sourcecode.swift; path = NotesView.swift; sourceTree = "<group>"; };
		81EAEB2346DF4A038CEB6AB7 /* ScoreCardApp.swift */ = {isa = PBXFileReference; lastKnownFileType = sourcecode.swift; path = ScoreCardApp.swift; sourceTree = "<group>"; };
		BA4E414A6B0644128444B64D /* GameState.swift */ = {isa = PBXFileReference; lastKnownFileType = sourcecode.swift; path = GameState.swift; sourceTree = "<group>"; };
		E0349CF9EEF14B11AA8A6A52 /* TopSectionView.swift */ = {isa = PBXFileReference; lastKnownFileType = sourcecode.swift; path = TopSectionView.swift; sourceTree = "<group>"; };
		E802534242774F90BCDB48C6 /* ScoreCard.app */ = {isa = PBXFileReference; explicitFileType = wrapper.application; includeInIndex = 0; path = ScoreCard.app; sourceTree = BUILT_PRODUCTS_DIR; };
/* End PBXFileReference section */

/* Begin PBXFrameworksBuildPhase section */
		7858CA9A91704B8EA51337CC /* Frameworks */ = {
			isa = PBXFrameworksBuildPhase;
			buildActionMask = 2147483647;
			files = (
			);
			runOnlyForDeploymentPostprocessing = 0;
		};
/* End PBXFrameworksBuildPhase section */

/* Begin PBXGroup section */
		075FAF8E341446EB9FBDD7BF /* Top */ = {
			isa = PBXGroup;
			children = (
				29BFD1EE01E54F39A1F8DD03 /* TeamPanelView.swift */,
				E0349CF9EEF14B11AA8A6A52 /* TopSectionView.swift */,
			);
			path = Top;
			sourceTree = "<group>";
		};
		1D1051E07CE84D6FB17DAF64 = {
			isa = PBXGroup;
			children = (
				B958A2910A094BB082BA642E /* ScoreCard */,
				41470EE8997C49CF82665403 /* Products */,
			);
			sourceTree = "<group>";
		};
		3E0FDFEE9D9A4DD396B2FA2E /* Report */ = {
			isa = PBXGroup;
			children = (
				65D7E6856DAC4DF799A39791 /* ReportView.swift */,
			);
			path = Report;
			sourceTree = "<group>";
		};
		41470EE8997C49CF82665403 /* Products */ = {
			isa = PBXGroup;
			children = (
				E802534242774F90BCDB48C6 /* ScoreCard.app */,
			);
			name = Products;
			sourceTree = "<group>";
		};
		747DD6D60B46442F81115107 /* Views */ = {
			isa = PBXGroup;
			children = (
				5D19480109084F23907E23D7 /* DesignSystem.swift */,
				075FAF8E341446EB9FBDD7BF /* Top */,
				E2F1F985F5EA4025A7A88A95 /* Nav */,
				9FCA939318D14DAD979469B3 /* Notes */,
				A1B2C3D4E5F60718293A4B5E /* Penalty */,
				3E0FDFEE9D9A4DD396B2FA2E /* Report */,
				052E618E082B6C295E00E978 /* GameSheets */,
			);
			path = Views;
			sourceTree = "<group>";
		};
		052E618E082B6C295E00E978 /* GameSheets */ = {
			isa = PBXGroup;
			children = (
				3966ECA80DCFC14CBB31FF53 /* GameSheetListView.swift */,
			);
			path = GameSheets;
			sourceTree = "<group>";
		};
		858FEB5AF0C142CAB5587517 /* Models */ = {
			isa = PBXGroup;
			children = (
				65792492B8D044DC95C5D183 /* GameModels.swift */,
				BA4E414A6B0644128444B64D /* GameState.swift */,
				2CC5DBF5E3CD0B3F6C929D25 /* GameSheetStore.swift */,
				5DC93FB0B4314359945BCE92 /* RosterStore.swift */,
				3FEBDC72CB1F430B8BFBA215 /* LeagueRoster.swift */,
			);
			path = Models;
			sourceTree = "<group>";
		};
		A1B2C3D4E5F60718293A4B5E /* Penalty */ = {
			isa = PBXGroup;
			children = (
				A1B2C3D4E5F60718293A4B5D /* PenaltyEntryView.swift */,
			);
			path = Penalty;
			sourceTree = "<group>";
		};
		9FCA939318D14DAD979469B3 /* Notes */ = {
			isa = PBXGroup;
			children = (
				7B12287A264D4AF0866E2655 /* NotesView.swift */,
			);
			path = Notes;
			sourceTree = "<group>";
		};
		B958A2910A094BB082BA642E /* ScoreCard */ = {
			isa = PBXGroup;
			children = (
				81EAEB2346DF4A038CEB6AB7 /* ScoreCardApp.swift */,
				508FBA53C41940DDB5799A6A /* ContentView.swift */,
				858FEB5AF0C142CAB5587517 /* Models */,
				747DD6D60B46442F81115107 /* Views */,
				5A7E12B846ED4866BAA5D069 /* Assets.xcassets */,
			);
			path = ScoreCard;
			sourceTree = "<group>";
		};
		E2F1F985F5EA4025A7A88A95 /* Nav */ = {
			isa = PBXGroup;
			children = (
				13FA4517D1B84F029586806B /* NavSectionView.swift */,
			);
			path = Nav;
			sourceTree = "<group>";
		};
/* End PBXGroup section */

/* Begin PBXNativeTarget section */
		B7FC7EAD461A4FB6AA07D452 /* ScoreCard */ = {
			isa = PBXNativeTarget;
			buildConfigurationList = 22FF239C0EE545EDA5818FDF /* Build configuration list for PBXNativeTarget "ScoreCard" */;
			buildPhases = (
				48A31E5731184541ACC20C5F /* Sources */,
				7858CA9A91704B8EA51337CC /* Frameworks */,
				BE09CE43152F494EA7F30F52 /* Resources */,
			);
			buildRules = (
			);
			dependencies = (
			);
			name = ScoreCard;
			productName = ScoreCard;
			productReference = E802534242774F90BCDB48C6 /* ScoreCard.app */;
			productType = "com.apple.product-type.application";
		};
/* End PBXNativeTarget section */

/* Begin PBXProject section */
		D2FB3F248EB640808BA0D687 /* Project object */ = {
			isa = PBXProject;
			attributes = {
				BuildIndependentTargetsInParallel = 1;
				LastSwiftUpdateCheck = 1620;
				LastUpgradeCheck = 1620;
				TargetAttributes = {
					B7FC7EAD461A4FB6AA07D452 = {
						CreatedOnToolsVersion = 16.2;
					};
				};
			};
			buildConfigurationList = D3F6EB548349497B81C2049C /* Build configuration list for PBXProject "ScoreCard" */;
			compatibilityVersion = "Xcode 14.0";
			developmentRegion = en;
			hasScannedForEncodings = 0;
			knownRegions = (
				en,
				Base,
			);
			mainGroup = 1D1051E07CE84D6FB17DAF64;
			productRefGroup = 41470EE8997C49CF82665403 /* Products */;
			projectDirPath = "";
			projectRoot = "";
			targets = (
				B7FC7EAD461A4FB6AA07D452 /* ScoreCard */,
			);
		};
/* End PBXProject section */

/* Begin PBXResourcesBuildPhase section */
		BE09CE43152F494EA7F30F52 /* Resources */ = {
			isa = PBXResourcesBuildPhase;
			buildActionMask = 2147483647;
			files = (
				37C81E1832DD44C9A2555563 /* Assets.xcassets in Resources */,
			);
			runOnlyForDeploymentPostprocessing = 0;
		};
/* End PBXResourcesBuildPhase section */

/* Begin PBXSourcesBuildPhase section */
		48A31E5731184541ACC20C5F /* Sources */ = {
			isa = PBXSourcesBuildPhase;
			buildActionMask = 2147483647;
			files = (
				82E074EF219843DFBE79C276 /* ScoreCardApp.swift in Sources */,
				21FA6115F3D94B5F9EF2D6D8 /* ContentView.swift in Sources */,
				416BD3DE409445F19D1758A9 /* GameModels.swift in Sources */,
				8260C6C602AA461086B0AE13 /* GameState.swift in Sources */,
				75DAB2165EA442B2A6CB75AF /* DesignSystem.swift in Sources */,
				0A45D3F476F84B80B0A38B59 /* TeamPanelView.swift in Sources */,
				2101DACD12564C8A8DE26535 /* TopSectionView.swift in Sources */,
				83C9CEB3F20A44ABA7169F9D /* NavSectionView.swift in Sources */,
				9F0235BC45504987BC4AEA19 /* NotesView.swift in Sources */,
				A1B2C3D4E5F60718293A4B5C /* PenaltyEntryView.swift in Sources */,
				38C77834845444ED9F0CF8B2 /* ReportView.swift in Sources */,
				5300DBAD6DED36B5CBA56EC8 /* GameSheetStore.swift in Sources */,
				B497D54099E043008EBE4B2D /* RosterStore.swift in Sources */,
				65A26E9C50124CD284CB62AB /* LeagueRoster.swift in Sources */,
				FDCD6D24C3CB85A15E92BD3C /* GameSheetListView.swift in Sources */,
			);
			runOnlyForDeploymentPostprocessing = 0;
		};
/* End PBXSourcesBuildPhase section */

/* Begin XCBuildConfiguration section */
		2B6AAD61CFA34A5589CF36D6 /* Debug */ = {
			isa = XCBuildConfiguration;
			buildSettings = {
				ALWAYS_SEARCH_USER_PATHS = NO;
				CLANG_ANALYZER_NONNULL = YES;
				CLANG_ANALYZER_NUMBER_OBJECT_CONVERSION = YES_AGGRESSIVE;
				CLANG_CXX_LANGUAGE_STANDARD = "gnu++20";
				CLANG_ENABLE_MODULES = YES;
				CLANG_ENABLE_OBJC_ARC = YES;
				CLANG_ENABLE_OBJC_WEAK = YES;
				CLANG_WARN_BLOCK_CAPTURE_AUTORELEASING = YES;
				CLANG_WARN_BOOL_CONVERSION = YES;
				CLANG_WARN_COMMA = YES;
				CLANG_WARN_CONSTANT_CONVERSION = YES;
				CLANG_WARN_DEPRECATED_OBJC_IMPLEMENTATIONS = YES;
				CLANG_WARN_DIRECT_OBJC_ISA_USAGE = YES_ERROR;
				CLANG_WARN_DOCUMENTATION_COMMENTS = YES;
				CLANG_WARN_EMPTY_BODY = YES;
				CLANG_WARN_ENUM_CONVERSION = YES;
				CLANG_WARN_INFINITE_RECURSION = YES;
				CLANG_WARN_INT_CONVERSION = YES;
				CLANG_WARN_NON_LITERAL_NULL_CONVERSION = YES;
				CLANG_WARN_OBJC_IMPLICIT_RETAIN_SELF = YES;
				CLANG_WARN_OBJC_LITERAL_CONVERSION = YES;
				CLANG_WARN_OBJC_ROOT_CLASS = YES_ERROR;
				CLANG_WARN_QUOTED_INCLUDE_IN_FRAMEWORK_HEADER = YES;
				CLANG_WARN_RANGE_LOOP_ANALYSIS = YES;
				CLANG_WARN_STRICT_PROTOTYPES = YES;
				CLANG_WARN_SUSPICIOUS_MOVE = YES;
				CLANG_WARN_UNGUARDED_AVAILABILITY = YES_AGGRESSIVE;
				CLANG_WARN_UNREACHABLE_CODE = YES;
				CLANG_WARN__DUPLICATE_METHOD_MATCH = YES;
				COPY_PHASE_STRIP = NO;
				DEBUG_INFORMATION_FORMAT = dwarf;
				ENABLE_STRICT_OBJC_MSGSEND = YES;
				ENABLE_TESTABILITY = YES;
				GCC_C_LANGUAGE_STANDARD = gnu17;
				GCC_DYNAMIC_NO_PIC = NO;
				GCC_NO_COMMON_BLOCKS = YES;
				GCC_OPTIMIZATION_LEVEL = 0;
				GCC_PREPROCESSOR_DEFINITIONS = (
					"DEBUG=1",
					"$(inherited)",
				);
				GCC_WARN_64_TO_32_BIT_CONVERSION = YES;
				GCC_WARN_ABOUT_RETURN_TYPE = YES_ERROR;
				GCC_WARN_UNDECLARED_SELECTOR = YES;
				GCC_WARN_UNINITIALIZED_AUTOS = YES_AGGRESSIVE;
				GCC_WARN_UNUSED_FUNCTION = YES;
				GCC_WARN_UNUSED_VARIABLE = YES;
				IPHONEOS_DEPLOYMENT_TARGET = 17.0;
				MTL_ENABLE_DEBUG_INFO = INCLUDE_SOURCE;
				MTL_FAST_MATH = YES;
				ONLY_ACTIVE_ARCH = YES;
				SDKROOT = iphoneos;
				SWIFT_ACTIVE_COMPILATION_CONDITIONS = DEBUG;
				SWIFT_OPTIMIZATION_LEVEL = "-Onone";
			};
			name = Debug;
		};
		859715180CDC4988AC29835A /* Debug */ = {
			isa = XCBuildConfiguration;
			buildSettings = {
				ASSETCATALOG_COMPILER_APPICON_NAME = AppIcon;
				ASSETCATALOG_COMPILER_GLOBAL_ACCENT_COLOR_NAME = AccentColor;
				CODE_SIGN_STYLE = Automatic;
				CURRENT_PROJECT_VERSION = 1;
				DEVELOPMENT_ASSET_PATHS = "";
				DEVELOPMENT_TEAM = ZT4SVFV262;
				ENABLE_PREVIEWS = YES;
				GENERATE_INFOPLIST_FILE = YES;
				INFOPLIST_KEY_CFBundleDisplayName = GamesheetPal;
				INFOPLIST_KEY_UIApplicationSceneManifest_Generation = YES;
				INFOPLIST_KEY_UILaunchScreen_Generation = YES;
				INFOPLIST_KEY_UIRequiresFullScreen = YES;
				"INFOPLIST_KEY_UISupportedInterfaceOrientations~ipad" = "UIInterfaceOrientationLandscapeLeft UIInterfaceOrientationLandscapeRight UIInterfaceOrientationPortrait UIInterfaceOrientationPortraitUpsideDown";
				IPHONEOS_DEPLOYMENT_TARGET = 17.0;
				LD_RUNPATH_SEARCH_PATHS = (
					"$(inherited)",
					"@executable_path/Frameworks",
				);
				MARKETING_VERSION = 1.0;
				PRODUCT_BUNDLE_IDENTIFIER = com.scorecard.app1;
				PRODUCT_NAME = "$(TARGET_NAME)";
				SWIFT_EMIT_LOC_STRINGS = YES;
				SWIFT_VERSION = 5.0;
				TARGETED_DEVICE_FAMILY = 2;
			};
			name = Debug;
		};
		C45CC67F86864A9294D948C1 /* Release */ = {
			isa = XCBuildConfiguration;
			buildSettings = {
				ALWAYS_SEARCH_USER_PATHS = NO;
				CLANG_ANALYZER_NONNULL = YES;
				CLANG_ANALYZER_NUMBER_OBJECT_CONVERSION = YES_AGGRESSIVE;
				CLANG_CXX_LANGUAGE_STANDARD = "gnu++20";
				CLANG_ENABLE_MODULES = YES;
				CLANG_ENABLE_OBJC_ARC = YES;
				CLANG_ENABLE_OBJC_WEAK = YES;
				CLANG_WARN_BLOCK_CAPTURE_AUTORELEASING = YES;
				CLANG_WARN_BOOL_CONVERSION = YES;
				CLANG_WARN_COMMA = YES;
				CLANG_WARN_CONSTANT_CONVERSION = YES;
				CLANG_WARN_DEPRECATED_OBJC_IMPLEMENTATIONS = YES;
				CLANG_WARN_DIRECT_OBJC_ISA_USAGE = YES_ERROR;
				CLANG_WARN_DOCUMENTATION_COMMENTS = YES;
				CLANG_WARN_EMPTY_BODY = YES;
				CLANG_WARN_ENUM_CONVERSION = YES;
				CLANG_WARN_INFINITE_RECURSION = YES;
				CLANG_WARN_INT_CONVERSION = YES;
				CLANG_WARN_NON_LITERAL_NULL_CONVERSION = YES;
				CLANG_WARN_OBJC_IMPLICIT_RETAIN_SELF = YES;
				CLANG_WARN_OBJC_LITERAL_CONVERSION = YES;
				CLANG_WARN_OBJC_ROOT_CLASS = YES_ERROR;
				CLANG_WARN_QUOTED_INCLUDE_IN_FRAMEWORK_HEADER = YES;
				CLANG_WARN_RANGE_LOOP_ANALYSIS = YES;
				CLANG_WARN_STRICT_PROTOTYPES = YES;
				CLANG_WARN_SUSPICIOUS_MOVE = YES;
				CLANG_WARN_UNGUARDED_AVAILABILITY = YES_AGGRESSIVE;
				CLANG_WARN_UNREACHABLE_CODE = YES;
				CLANG_WARN__DUPLICATE_METHOD_MATCH = YES;
				COPY_PHASE_STRIP = NO;
				DEBUG_INFORMATION_FORMAT = "dwarf-with-dsym";
				ENABLE_NS_ASSERTIONS = NO;
				ENABLE_STRICT_OBJC_MSGSEND = YES;
				GCC_C_LANGUAGE_STANDARD = gnu17;
				GCC_NO_COMMON_BLOCKS = YES;
				GCC_WARN_64_TO_32_BIT_CONVERSION = YES;
				GCC_WARN_ABOUT_RETURN_TYPE = YES_ERROR;
				GCC_WARN_UNDECLARED_SELECTOR = YES;
				GCC_WARN_UNINITIALIZED_AUTOS = YES_AGGRESSIVE;
				GCC_WARN_UNUSED_FUNCTION = YES;
				GCC_WARN_UNUSED_VARIABLE = YES;
				IPHONEOS_DEPLOYMENT_TARGET = 17.0;
				MTL_ENABLE_DEBUG_INFO = NO;
				MTL_FAST_MATH = YES;
				SDKROOT = iphoneos;
				SWIFT_COMPILATION_MODE = wholemodule;
				VALIDATE_PRODUCT = YES;
			};
			name = Release;
		};
		DCF6E6463DFC42E8A8EC3EB8 /* Release */ = {
			isa = XCBuildConfiguration;
			buildSettings = {
				ASSETCATALOG_COMPILER_APPICON_NAME = AppIcon;
				ASSETCATALOG_COMPILER_GLOBAL_ACCENT_COLOR_NAME = AccentColor;
				CODE_SIGN_STYLE = Automatic;
				CURRENT_PROJECT_VERSION = 1;
				DEVELOPMENT_ASSET_PATHS = "";
				DEVELOPMENT_TEAM = ZT4SVFV262;
				ENABLE_PREVIEWS = YES;
				GENERATE_INFOPLIST_FILE = YES;
				INFOPLIST_KEY_CFBundleDisplayName = GamesheetPal;
				INFOPLIST_KEY_UIApplicationSceneManifest_Generation = YES;
				INFOPLIST_KEY_UILaunchScreen_Generation = YES;
				INFOPLIST_KEY_UIRequiresFullScreen = YES;
				"INFOPLIST_KEY_UISupportedInterfaceOrientations~ipad" = "UIInterfaceOrientationLandscapeLeft UIInterfaceOrientationLandscapeRight UIInterfaceOrientationPortrait UIInterfaceOrientationPortraitUpsideDown";
				IPHONEOS_DEPLOYMENT_TARGET = 17.0;
				LD_RUNPATH_SEARCH_PATHS = (
					"$(inherited)",
					"@executable_path/Frameworks",
				);
				MARKETING_VERSION = 1.0;
				PRODUCT_BUNDLE_IDENTIFIER = com.scorecard.app1;
				PRODUCT_NAME = "$(TARGET_NAME)";
				SWIFT_EMIT_LOC_STRINGS = YES;
				SWIFT_VERSION = 5.0;
				TARGETED_DEVICE_FAMILY = 2;
			};
			name = Release;
		};
/* End XCBuildConfiguration section */

/* Begin XCConfigurationList section */
		22FF239C0EE545EDA5818FDF /* Build configuration list for PBXNativeTarget "ScoreCard" */ = {
			isa = XCConfigurationList;
			buildConfigurations = (
				859715180CDC4988AC29835A /* Debug */,
				DCF6E6463DFC42E8A8EC3EB8 /* Release */,
			);
			defaultConfigurationIsVisible = 0;
			defaultConfigurationName = Release;
		};
		D3F6EB548349497B81C2049C /* Build configuration list for PBXProject "ScoreCard" */ = {
			isa = XCConfigurationList;
			buildConfigurations = (
				2B6AAD61CFA34A5589CF36D6 /* Debug */,
				C45CC67F86864A9294D948C1 /* Release */,
			);
			defaultConfigurationIsVisible = 0;
			defaultConfigurationName = Release;
		};
/* End XCConfigurationList section */
	};
	rootObject = D2FB3F248EB640808BA0D687 /* Project object */;
}
